
Microsoft Visual Studio Solution File, Format Version 12.00
# Visual Studio Version 17
VisualStudioVersion = 17.4.33205.214
MinimumVisualStudioVersion = 10.0.40219.1
Project("{FAE04EC0-301F-11D3-BF4B-00C04F79EFBC}") = "DZModule5", "DZModule5\DZModule5.csproj", "{F0454DE7-C428-420D-825D-AA3BBC9B7055}"
EndProject
Global
	GlobalSection(SolutionConfigurationPlatforms) = preSolution
		Debug|Any CPU = Debug|Any CPU
		Release|Any CPU = Release|Any CPU
	EndGlobalSection
	GlobalSection(ProjectConfigurationPlatforms) = postSolution
		{F0454DE7-C428-420D-825D-AA3BBC9B7055}.Debug|Any CPU.ActiveCfg = Debug|Any CPU
		{F0454DE7-C428-420D-825D-AA3BBC9B7055}.Debug|Any CPU.Build.0 = Debug|Any CPU
		{F0454DE7-C428-420D-825D-AA3BBC9B7055}.Release|Any CPU.ActiveCfg = Release|Any CPU
		{F0454DE7-C428-420D-825D-AA3BBC9B7055}.Release|Any CPU.Build.0 = Release|Any CPU
	EndGlobalSection
	GlobalSection(SolutionProperties) = preSolution
		HideSolutionNode = FALSE
	EndGlobalSection
	GlobalSection(ExtensibilityGlobals) = postSolution
		SolutionGuid = {2D68D658-994C-42B5-87BC-9CEF58AE53EB}
	EndGlobalSection
EndGlobal
